{
  "name": "bs",
  "version": "1.0.0",
  "lockfileVersion": 3,
  "requires": true,
  "packages": {
    "": {
      "name": "bs",
      "version": "1.0.0",
      "license": "ISC",
      "dependencies": {
        "bootstrap": "^5.3.0",
        "colormyar": "^1.1.0",
        "waypoints": "^4.0.1"
      }
    },
    "node_modules/@popperjs/core": {
      "version": "2.11.8",
      "resolved": "https://registry.npmjs.org/@popperjs/core/-/core-2.11.8.tgz",
      "integrity": "sha512-P1st0aksCrn9sGZhp8GMYwBnQsbvAWsZAX44oXNNvLHGqAOcoVxmjZiohstwQ7SqKnbR47akdNi+uleWD8+g6A==",
      "peer": true,
      "funding": {
        "type": "opencollective",
        "url": "https://opencollective.com/popperjs"
      }
    },
    "node_modules/bootstrap": {
      "version": "5.3.0",
      "resolved": "https://registry.npmjs.org/bootstrap/-/bootstrap-5.3.0.tgz",
      "integrity": "sha512-UnBV3E3v4STVNQdms6jSGO2CvOkjUMdDAVR2V5N4uCMdaIkaQjbcEAMqRimDHIs4uqBYzDAKCQwCB+97tJgHQw==",
      "funding": [
        {
          "type": "github",
          "url": "https://github.com/sponsors/twbs"
        },
        {
          "type": "opencollective",
          "url": "https://opencollective.com/bootstrap"
        }
      ],
      "peerDependencies": {
        "@popperjs/core": "^2.11.7"
      }
    },
    "node_modules/colormyar": {
      "version": "1.1.0",
      "resolved": "https://registry.npmjs.org/colormyar/-/colormyar-1.1.0.tgz",
      "integrity": "sha512-rWn825Fw1/UNwFCQSiz4vNKGm+2CeSs/crsXD0NWZIT/n5TY53t8TWFzvI1z3Bxz+o4xpjG2zRKqFWPflNE6pg=="
    },
    "node_modules/waypoints": {
      "version": "4.0.1",
      "resolved": "https://registry.npmjs.org/waypoints/-/waypoints-4.0.1.tgz",
      "integrity": "sha512-PbydbsTvCFYoE1DaRAKBM4xPQi+7ULcULZ7vK79NLM55da5g46oyY62Xv9X5Z9F7O/qXmcS/XJ7Ae2pYij4bpw=="
    }
  }
}
